
Microsoft Visual Studio Solution File, Format Version 12.00
# Visual Studio 14
VisualStudioVersion = 14.0.25420.1
MinimumVisualStudioVersion = 10.0.40219.1
Project("{FAE04EC0-301F-11D3-BF4B-00C04F79EFBC}") = "ReplaceWithAlphabetPosition", "ReplaceWithAlphabetPosition\ReplaceWithAlphabetPosition.csproj", "{7FB404D5-A624-49C0-A88D-A950B65B3B72}"
EndProject
Global
	GlobalSection(SolutionConfigurationPlatforms) = preSolution
		Debug|Any CPU = Debug|Any CPU
		Release|Any CPU = Release|Any CPU
	EndGlobalSection
	GlobalSection(ProjectConfigurationPlatforms) = postSolution
		{7FB404D5-A624-49C0-A88D-A950B65B3B72}.Debug|Any CPU.ActiveCfg = Debug|Any CPU
		{7FB404D5-A624-49C0-A88D-A950B65B3B72}.Debug|Any CPU.Build.0 = Debug|Any CPU
		{7FB404D5-A624-49C0-A88D-A950B65B3B72}.Release|Any CPU.ActiveCfg = Release|Any CPU
		{7FB404D5-A624-49C0-A88D-A950B65B3B72}.Release|Any CPU.Build.0 = Release|Any CPU
	EndGlobalSection
	GlobalSection(SolutionProperties) = preSolution
		HideSolutionNode = FALSE
	EndGlobalSection
	GlobalSection(ExtensibilityGlobals) = postSolution
		SolutionGuid = {27F969EE-C104-4D27-A0FE-B6F3468A4737}
	EndGlobalSection
EndGlobal
